
Microsoft Visual Studio Solution File, Format Version 12.00
# Visual Studio 15
VisualStudioVersion = 15.0.26430.6
MinimumVisualStudioVersion = 10.0.40219.1
Project("{FAE04EC0-301F-11D3-BF4B-00C04F79EFBC}") = "Game Engine++", "Game Engine++\Game Engine++.csproj", "{40464CF5-02D1-4155-97A2-2C438A1CE137}"
EndProject
Project("{FAE04EC0-301F-11D3-BF4B-00C04F79EFBC}") = "LexicalAnalyzer", "LexicalAnalyzer\LexicalAnalyzer.csproj", "{21764184-892F-4914-A4DC-5DE3CDCD1EC0}"
EndProject
Global
	GlobalSection(SolutionConfigurationPlatforms) = preSolution
		Debug|Any CPU = Debug|Any CPU
		Release|Any CPU = Release|Any CPU
	EndGlobalSection
	GlobalSection(ProjectConfigurationPlatforms) = postSolution
		{40464CF5-02D1-4155-97A2-2C438A1CE137}.Debug|Any CPU.ActiveCfg = Debug|Any CPU
		{40464CF5-02D1-4155-97A2-2C438A1CE137}.Debug|Any CPU.Build.0 = Debug|Any CPU
		{40464CF5-02D1-4155-97A2-2C438A1CE137}.Release|Any CPU.ActiveCfg = Release|Any CPU
		{40464CF5-02D1-4155-97A2-2C438A1CE137}.Release|Any CPU.Build.0 = Release|Any CPU
		{21764184-892F-4914-A4DC-5DE3CDCD1EC0}.Debug|Any CPU.ActiveCfg = Debug|Any CPU
		{21764184-892F-4914-A4DC-5DE3CDCD1EC0}.Debug|Any CPU.Build.0 = Debug|Any CPU
		{21764184-892F-4914-A4DC-5DE3CDCD1EC0}.Release|Any CPU.ActiveCfg = Release|Any CPU
		{21764184-892F-4914-A4DC-5DE3CDCD1EC0}.Release|Any CPU.Build.0 = Release|Any CPU
	EndGlobalSection
	GlobalSection(SolutionProperties) = preSolution
		HideSolutionNode = FALSE
	EndGlobalSection
EndGlobal
